
Microsoft Visual Studio Solution File, Format Version 12.00
# Visual Studio 15
VisualStudioVersion = 15.0.28010.2016
MinimumVisualStudioVersion = 10.0.40219.1
Project("{FAE04EC0-301F-11D3-BF4B-00C04F79EFBC}") = "DocumentationCenter", "DocumentationCenter\DocumentationCenter.csproj", "{761330A6-4CDC-437D-BE5E-D46BE4D21360}"
EndProject
Global
	GlobalSection(SolutionConfigurationPlatforms) = preSolution
		Debug|Any CPU = Debug|Any CPU
		Release|Any CPU = Release|Any CPU
	EndGlobalSection
	GlobalSection(ProjectConfigurationPlatforms) = postSolution
		{761330A6-4CDC-437D-BE5E-D46BE4D21360}.Debug|Any CPU.ActiveCfg = Debug|Any CPU
		{761330A6-4CDC-437D-BE5E-D46BE4D21360}.Debug|Any CPU.Build.0 = Debug|Any CPU
		{761330A6-4CDC-437D-BE5E-D46BE4D21360}.Release|Any CPU.ActiveCfg = Release|Any CPU
		{761330A6-4CDC-437D-BE5E-D46BE4D21360}.Release|Any CPU.Build.0 = Release|Any CPU
	EndGlobalSection
	GlobalSection(SolutionProperties) = preSolution
		HideSolutionNode = FALSE
	EndGlobalSection
	GlobalSection(ExtensibilityGlobals) = postSolution
		SolutionGuid = {61A1C73D-0644-46D3-967C-E2B52DE68E06}
	EndGlobalSection
EndGlobal
